
Microsoft Visual Studio Solution File, Format Version 11.00
# Visual Studio 2010
Project("{8BC9CEB8-8B4A-11D0-8D11-00A0C91BC942}") = "z3ResEx", "z3ResEx\z3ResEx.vcxproj", "{07C00774-3E55-4C24-BB6D-C45C7D02B791}"
	ProjectSection(ProjectDependencies) = postProject
		{D8074922-7773-462D-AF4A-80B8329E43F1} = {D8074922-7773-462D-AF4A-80B8329E43F1}
	EndProjectSection
EndProject
Project("{8BC9CEB8-8B4A-11D0-8D11-00A0C91BC942}") = "cryptolib", "cryptolib\cryptolib.vcxproj", "{D8074922-7773-462D-AF4A-80B8329E43F1}"
EndProject
Global
	GlobalSection(SolutionConfigurationPlatforms) = preSolution
		Debug|Win32 = Debug|Win32
		Release|Win32 = Release|Win32
	EndGlobalSection
	GlobalSection(ProjectConfigurationPlatforms) = postSolution
		{07C00774-3E55-4C24-BB6D-C45C7D02B791}.Debug|Win32.ActiveCfg = Debug|Win32
		{07C00774-3E55-4C24-BB6D-C45C7D02B791}.Debug|Win32.Build.0 = Debug|Win32
		{07C00774-3E55-4C24-BB6D-C45C7D02B791}.Release|Win32.ActiveCfg = Release|Win32
		{07C00774-3E55-4C24-BB6D-C45C7D02B791}.Release|Win32.Build.0 = Release|Win32
		{D8074922-7773-462D-AF4A-80B8329E43F1}.Debug|Win32.ActiveCfg = Debug|Win32
		{D8074922-7773-462D-AF4A-80B8329E43F1}.Debug|Win32.Build.0 = Debug|Win32
		{D8074922-7773-462D-AF4A-80B8329E43F1}.Release|Win32.ActiveCfg = Release|Win32
		{D8074922-7773-462D-AF4A-80B8329E43F1}.Release|Win32.Build.0 = Release|Win32
	EndGlobalSection
	GlobalSection(SolutionProperties) = preSolution
		HideSolutionNode = FALSE
	EndGlobalSection
EndGlobal
